
Microsoft Visual Studio Solution File, Format Version 12.00
# Visual Studio 2015
Project("{FAE04EC0-301F-11D3-BF4B-00C04F79EFBC}") = "BioRubeBotProject.Plugins", "BioRubeBotProject.Plugins.csproj", "{A5211743-12CC-5919-3AEE-D21646213969}"
EndProject
Project("{FAE04EC0-301F-11D3-BF4B-00C04F79EFBC}") = "BioRubeBotProject", "BioRubeBotProject.csproj", "{B9EFB4A9-3653-1885-F950-8A7D40D3D812}"
EndProject
Project("{FAE04EC0-301F-11D3-BF4B-00C04F79EFBC}") = "BioRubeBotProject.Editor", "BioRubeBotProject.Editor.csproj", "{BE4B1E4E-BF31-D8F7-7E3A-0B9CDE8C00ED}"
EndProject
Global
	GlobalSection(SolutionConfigurationPlatforms) = preSolution
		Debug|Any CPU = Debug|Any CPU
		Release|Any CPU = Release|Any CPU
	EndGlobalSection
	GlobalSection(ProjectConfigurationPlatforms) = postSolution
		{A5211743-12CC-5919-3AEE-D21646213969}.Debug|Any CPU.ActiveCfg = Debug|Any CPU
		{A5211743-12CC-5919-3AEE-D21646213969}.Debug|Any CPU.Build.0 = Debug|Any CPU
		{A5211743-12CC-5919-3AEE-D21646213969}.Release|Any CPU.ActiveCfg = Release|Any CPU
		{A5211743-12CC-5919-3AEE-D21646213969}.Release|Any CPU.Build.0 = Release|Any CPU
		{B9EFB4A9-3653-1885-F950-8A7D40D3D812}.Debug|Any CPU.ActiveCfg = Debug|Any CPU
		{B9EFB4A9-3653-1885-F950-8A7D40D3D812}.Debug|Any CPU.Build.0 = Debug|Any CPU
		{B9EFB4A9-3653-1885-F950-8A7D40D3D812}.Release|Any CPU.ActiveCfg = Release|Any CPU
		{B9EFB4A9-3653-1885-F950-8A7D40D3D812}.Release|Any CPU.Build.0 = Release|Any CPU
		{BE4B1E4E-BF31-D8F7-7E3A-0B9CDE8C00ED}.Debug|Any CPU.ActiveCfg = Debug|Any CPU
		{BE4B1E4E-BF31-D8F7-7E3A-0B9CDE8C00ED}.Debug|Any CPU.Build.0 = Debug|Any CPU
		{BE4B1E4E-BF31-D8F7-7E3A-0B9CDE8C00ED}.Release|Any CPU.ActiveCfg = Release|Any CPU
		{BE4B1E4E-BF31-D8F7-7E3A-0B9CDE8C00ED}.Release|Any CPU.Build.0 = Release|Any CPU
	EndGlobalSection
	GlobalSection(SolutionProperties) = preSolution
		HideSolutionNode = FALSE
	EndGlobalSection
EndGlobal
